
Microsoft Visual Studio Solution File, Format Version 12.00
# Visual Studio Version 16
VisualStudioVersion = 16.0.32126.315
MinimumVisualStudioVersion = 10.0.40219.1
Project("{8BC9CEB8-8B4A-11D0-8D11-00A0C91BC942}") = "RTOS-coursework", "RTOS-coursework.vcxproj", "{D05A1627-7051-4802-B5B9-71C8E41B60FA}"
EndProject
Global
	GlobalSection(SolutionConfigurationPlatforms) = preSolution
		Debug|x64 = Debug|x64
		Debug|x86 = Debug|x86
		Release|x64 = Release|x64
		Release|x86 = Release|x86
	EndGlobalSection
	GlobalSection(ProjectConfigurationPlatforms) = postSolution
		{D05A1627-7051-4802-B5B9-71C8E41B60FA}.Debug|x64.ActiveCfg = Debug|x64
		{D05A1627-7051-4802-B5B9-71C8E41B60FA}.Debug|x64.Build.0 = Debug|x64
		{D05A1627-7051-4802-B5B9-71C8E41B60FA}.Debug|x86.ActiveCfg = Debug|Win32
		{D05A1627-7051-4802-B5B9-71C8E41B60FA}.Debug|x86.Build.0 = Debug|Win32
		{D05A1627-7051-4802-B5B9-71C8E41B60FA}.Release|x64.ActiveCfg = Release|x64
		{D05A1627-7051-4802-B5B9-71C8E41B60FA}.Release|x64.Build.0 = Release|x64
		{D05A1627-7051-4802-B5B9-71C8E41B60FA}.Release|x86.ActiveCfg = Release|Win32
		{D05A1627-7051-4802-B5B9-71C8E41B60FA}.Release|x86.Build.0 = Release|Win32
	EndGlobalSection
	GlobalSection(SolutionProperties) = preSolution
		HideSolutionNode = FALSE
	EndGlobalSection
	GlobalSection(ExtensibilityGlobals) = postSolution
		SolutionGuid = {DDFDC0DA-0BD9-4057-BF49-C26E8AFC1D57}
	EndGlobalSection
EndGlobal
